// !$*UTF8*$!
{
	archiveVersion = 1;
	classes = {
	};
	objectVersion = 46;
	objects = {

/* Begin PBXBuildFile section */
		D1A678E91ED5778E0098C64F /* main.m in Sources */ = {isa = PBXBuildFile; fileRef = D1A678E81ED5778E0098C64F /* main.m */; };
		D1A678F11ED577F40098C64F /* People.m in Sources */ = {isa = PBXBuildFile; fileRef = D1A678F01ED577F40098C64F /* People.m */; };
		D1A678F41ED57C460098C64F /* Bird.m in Sources */ = {isa = PBXBuildFile; fileRef = D1A678F31ED57C460098C64F /* Bird.m */; };
/* End PBXBuildFile section */

/* Begin PBXCopyFilesBuildPhase section */
		D1A678E31ED5778E0098C64F /* CopyFiles */ = {
			isa = PBXCopyFilesBuildPhase;
			buildActionMask = 2147483647;
			dstPath = /usr/share/man/man1/;
			dstSubfolderSpec = 0;
			files = (
			);
			runOnlyForDeploymentPostprocessing = 1;
		};
/* End PBXCopyFilesBuildPhase section */

/* Begin PBXFileReference section */
		D1A678E51ED5778E0098C64F /* RuntimeSing1 */ = {isa = PBXFileReference; explicitFileType = "compiled.mach-o.executable"; includeInIndex = 0; path = RuntimeSing1; sourceTree = BUILT_PRODUCTS_DIR; };
		D1A678E81ED5778E0098C64F /* main.m */ = {isa = PBXFileReference; lastKnownFileType = sourcecode.c.objc; path = main.m; sourceTree = "<group>"; };
		D1A678EF1ED577F40098C64F /* People.h */ = {isa = PBXFileReference; fileEncoding = 4; lastKnownFileType = sourcecode.c.h; path = People.h; sourceTree = "<group>"; };
		D1A678F01ED577F40098C64F /* People.m */ = {isa = PBXFileReference; fileEncoding = 4; lastKnownFileType = sourcecode.c.objc; path = People.m; sourceTree = "<group>"; };
		D1A678F21ED57C460098C64F /* Bird.h */ = {isa = PBXFileReference; fileEncoding = 4; lastKnownFileType = sourcecode.c.h; path = Bird.h; sourceTree = "<group>"; };
		D1A678F31ED57C460098C64F /* Bird.m */ = {isa = PBXFileReference; fileEncoding = 4; lastKnownFileType = sourcecode.c.objc; path = Bird.m; sourceTree = "<group>"; };
/* End PBXFileReference section */

/* Begin PBXFrameworksBuildPhase section */
		D1A678E21ED5778E0098C64F /* Frameworks */ = {
			isa = PBXFrameworksBuildPhase;
			buildActionMask = 2147483647;
			files = (
			);
			runOnlyForDeploymentPostprocessing = 0;
		};
/* End PBXFrameworksBuildPhase section */

/* Begin PBXGroup section */
		D1A678DC1ED5778E0098C64F = {
			isa = PBXGroup;
			children = (
				D1A678E71ED5778E0098C64F /* RuntimeSing1 */,
				D1A678E61ED5778E0098C64F /* Products */,
			);
			sourceTree = "<group>";
		};
		D1A678E61ED5778E0098C64F /* Products */ = {
			isa = PBXGroup;
			children = (
				D1A678E51ED5778E0098C64F /* RuntimeSing1 */,
			);
			name = Products;
			sourceTree = "<group>";
		};
		D1A678E71ED5778E0098C64F /* RuntimeSing1 */ = {
			isa = PBXGroup;
			children = (
				D1A678E81ED5778E0098C64F /* main.m */,
				D1A678EF1ED577F40098C64F /* People.h */,
				D1A678F01ED577F40098C64F /* People.m */,
				D1A678F21ED57C460098C64F /* Bird.h */,
				D1A678F31ED57C460098C64F /* Bird.m */,
			);
			path = RuntimeSing1;
			sourceTree = "<group>";
		};
/* End PBXGroup section */

/* Begin PBXNativeTarget section */
		D1A678E41ED5778E0098C64F /* RuntimeSing1 */ = {
			isa = PBXNativeTarget;
			buildConfigurationList = D1A678EC1ED5778E0098C64F /* Build configuration list for PBXNativeTarget "RuntimeSing1" */;
			buildPhases = (
				D1A678E11ED5778E0098C64F /* Sources */,
				D1A678E21ED5778E0098C64F /* Frameworks */,
				D1A678E31ED5778E0098C64F /* CopyFiles */,
			);
			buildRules = (
			);
			dependencies = (
			);
			name = RuntimeSing1;
			productName = RuntimeSing1;
			productReference = D1A678E51ED5778E0098C64F /* RuntimeSing1 */;
			productType = "com.apple.product-type.tool";
		};
/* End PBXNativeTarget section */

/* Begin PBXProject section */
		D1A678DD1ED5778E0098C64F /* Project object */ = {
			isa = PBXProject;
			attributes = {
				LastUpgradeCheck = 0830;
				ORGANIZATIONNAME = xuyafei;
				TargetAttributes = {
					D1A678E41ED5778E0098C64F = {
						CreatedOnToolsVersion = 8.3.1;
						DevelopmentTeam = 25G26E268J;
						ProvisioningStyle = Automatic;
					};
				};
			};
			buildConfigurationList = D1A678E01ED5778E0098C64F /* Build configuration list for PBXProject "RuntimeSing1" */;
			compatibilityVersion = "Xcode 3.2";
			developmentRegion = English;
			hasScannedForEncodings = 0;
			knownRegions = (
				en,
			);
			mainGroup = D1A678DC1ED5778E0098C64F;
			productRefGroup = D1A678E61ED5778E0098C64F /* Products */;
			projectDirPath = "";
			projectRoot = "";
			targets = (
				D1A678E41ED5778E0098C64F /* RuntimeSing1 */,
			);
		};
/* End PBXProject section */

/* Begin PBXSourcesBuildPhase section */
		D1A678E11ED5778E0098C64F /* Sources */ = {
			isa = PBXSourcesBuildPhase;
			buildActionMask = 2147483647;
			files = (
				D1A678F11ED577F40098C64F /* People.m in Sources */,
				D1A678E91ED5778E0098C64F /* main.m in Sources */,
				D1A678F41ED57C460098C64F /* Bird.m in Sources */,
			);
			runOnlyForDeploymentPostprocessing = 0;
		};
/* End PBXSourcesBuildPhase section */

/* Begin XCBuildConfiguration section */
		D1A678EA1ED5778E0098C64F /* Debug */ = {
			isa = XCBuildConfiguration;
			buildSettings = {
				ALWAYS_SEARCH_USER_PATHS = NO;
				CLANG_ANALYZER_NONNULL = YES;
				CLANG_ANALYZER_NUMBER_OBJECT_CONVERSION = YES_AGGRESSIVE;
				CLANG_CXX_LANGUAGE_STANDARD = "gnu++0x";
				CLANG_CXX_LIBRARY = "libc++";
				CLANG_ENABLE_MODULES = YES;
				CLANG_ENABLE_OBJC_ARC = YES;
				CLANG_WARN_BOOL_CONVERSION = YES;
				CLANG_WARN_CONSTANT_CONVERSION = YES;
				CLANG_WARN_DIRECT_OBJC_ISA_USAGE = YES_ERROR;
				CLANG_WARN_DOCUMENTATION_COMMENTS = YES;
				CLANG_WARN_EMPTY_BODY = YES;
				CLANG_WARN_ENUM_CONVERSION = YES;
				CLANG_WARN_INFINITE_RECURSION = YES;
				CLANG_WARN_INT_CONVERSION = YES;
				CLANG_WARN_OBJC_ROOT_CLASS = YES_ERROR;
				CLANG_WARN_SUSPICIOUS_MOVE = YES;
				CLANG_WARN_UNREACHABLE_CODE = YES;
				CLANG_WARN__DUPLICATE_METHOD_MATCH = YES;
				CODE_SIGN_IDENTITY = "-";
				COPY_PHASE_STRIP = NO;
				DEBUG_INFORMATION_FORMAT = dwarf;
				ENABLE_STRICT_OBJC_MSGSEND = YES;
				ENABLE_TESTABILITY = YES;
				GCC_C_LANGUAGE_STANDARD = gnu99;
				GCC_DYNAMIC_NO_PIC = NO;
				GCC_NO_COMMON_BLOCKS = YES;
				GCC_OPTIMIZATION_LEVEL = 0;
				GCC_PREPROCESSOR_DEFINITIONS = (
					"DEBUG=1",
					"$(inherited)",
				);
				GCC_WARN_64_TO_32_BIT_CONVERSION = YES;
				GCC_WARN_ABOUT_RETURN_TYPE = YES_ERROR;
				GCC_WARN_UNDECLARED_SELECTOR = YES;
				GCC_WARN_UNINITIALIZED_AUTOS = YES_AGGRESSIVE;
				GCC_WARN_UNUSED_FUNCTION = YES;
				GCC_WARN_UNUSED_VARIABLE = YES;
				MACOSX_DEPLOYMENT_TARGET = 10.12;
				MTL_ENABLE_DEBUG_INFO = YES;
				ONLY_ACTIVE_ARCH = YES;
				SDKROOT = macosx;
			};
			name = Debug;
		};
		D1A678EB1ED5778E0098C64F /* Release */ = {
			isa = XCBuildConfiguration;
			buildSettings = {
				ALWAYS_SEARCH_USER_PATHS = NO;
				CLANG_ANALYZER_NONNULL = YES;
				CLANG_ANALYZER_NUMBER_OBJECT_CONVERSION = YES_AGGRESSIVE;
				CLANG_CXX_LANGUAGE_STANDARD = "gnu++0x";
				CLANG_CXX_LIBRARY = "libc++";
				CLANG_ENABLE_MODULES = YES;
				CLANG_ENABLE_OBJC_ARC = YES;
				CLANG_WARN_BOOL_CONVERSION = YES;
				CLANG_WARN_CONSTANT_CONVERSION = YES;
				CLANG_WARN_DIRECT_OBJC_ISA_USAGE = YES_ERROR;
				CLANG_WARN_DOCUMENTATION_COMMENTS = YES;
				CLANG_WARN_EMPTY_BODY = YES;
				CLANG_WARN_ENUM_CONVERSION = YES;
				CLANG_WARN_INFINITE_RECURSION = YES;
				CLANG_WARN_INT_CONVERSION = YES;
				CLANG_WARN_OBJC_ROOT_CLASS = YES_ERROR;
				CLANG_WARN_SUSPICIOUS_MOVE = YES;
				CLANG_WARN_UNREACHABLE_CODE = YES;
				CLANG_WARN__DUPLICATE_METHOD_MATCH = YES;
				CODE_SIGN_IDENTITY = "-";
				COPY_PHASE_STRIP = NO;
				DEBUG_INFORMATION_FORMAT = "dwarf-with-dsym";
				ENABLE_NS_ASSERTIONS = NO;
				ENABLE_STRICT_OBJC_MSGSEND = YES;
				GCC_C_LANGUAGE_STANDARD = gnu99;
				GCC_NO_COMMON_BLOCKS = YES;
				GCC_WARN_64_TO_32_BIT_CONVERSION = YES;
				GCC_WARN_ABOUT_RETURN_TYPE = YES_ERROR;
				GCC_WARN_UNDECLARED_SELECTOR = YES;
				GCC_WARN_UNINITIALIZED_AUTOS = YES_AGGRESSIVE;
				GCC_WARN_UNUSED_FUNCTION = YES;
				GCC_WARN_UNUSED_VARIABLE = YES;
				MACOSX_DEPLOYMENT_TARGET = 10.12;
				MTL_ENABLE_DEBUG_INFO = NO;
				SDKROOT = macosx;
			};
			name = Release;
		};
		D1A678ED1ED5778E0098C64F /* Debug */ = {
			isa = XCBuildConfiguration;
			buildSettings = {
				DEVELOPMENT_TEAM = 25G26E268J;
				PRODUCT_NAME = "$(TARGET_NAME)";
			};
			name = Debug;
		};
		D1A678EE1ED5778E0098C64F /* Release */ = {
			isa = XCBuildConfiguration;
			buildSettings = {
				DEVELOPMENT_TEAM = 25G26E268J;
				PRODUCT_NAME = "$(TARGET_NAME)";
			};
			name = Release;
		};
/* End XCBuildConfiguration section */

/* Begin XCConfigurationList section */
		D1A678E01ED5778E0098C64F /* Build configuration list for PBXProject "RuntimeSing1" */ = {
			isa = XCConfigurationList;
			buildConfigurations = (
				D1A678EA1ED5778E0098C64F /* Debug */,
				D1A678EB1ED5778E0098C64F /* Release */,
			);
			defaultConfigurationIsVisible = 0;
			defaultConfigurationName = Release;
		};
		D1A678EC1ED5778E0098C64F /* Build configuration list for PBXNativeTarget "RuntimeSing1" */ = {
			isa = XCConfigurationList;
			buildConfigurations = (
				D1A678ED1ED5778E0098C64F /* Debug */,
				D1A678EE1ED5778E0098C64F /* Release */,
			);
			defaultConfigurationIsVisible = 0;
		};
/* End XCConfigurationList section */
	};
	rootObject = D1A678DD1ED5778E0098C64F /* Project object */;
}
